
Microsoft Visual Studio Solution File, Format Version 12.00
# Visual Studio Version 17
VisualStudioVersion = 17.14.36414.22 d17.14
MinimumVisualStudioVersion = 10.0.40219.1
Project("{FAE04EC0-301F-11D3-BF4B-00C04F79EFBC}") = "TestCase1Epam", "TestCase1Epam.csproj", "{30B2320C-9988-C37D-33B0-5046D1AC65D6}"
EndProject
Global
	GlobalSection(SolutionConfigurationPlatforms) = preSolution
		Debug|Any CPU = Debug|Any CPU
		Release|Any CPU = Release|Any CPU
	EndGlobalSection
	GlobalSection(ProjectConfigurationPlatforms) = postSolution
		{30B2320C-9988-C37D-33B0-5046D1AC65D6}.Debug|Any CPU.ActiveCfg = Debug|Any CPU
		{30B2320C-9988-C37D-33B0-5046D1AC65D6}.Debug|Any CPU.Build.0 = Debug|Any CPU
		{30B2320C-9988-C37D-33B0-5046D1AC65D6}.Release|Any CPU.ActiveCfg = Release|Any CPU
		{30B2320C-9988-C37D-33B0-5046D1AC65D6}.Release|Any CPU.Build.0 = Release|Any CPU
	EndGlobalSection
	GlobalSection(SolutionProperties) = preSolution
		HideSolutionNode = FALSE
	EndGlobalSection
	GlobalSection(ExtensibilityGlobals) = postSolution
		SolutionGuid = {E6AE356D-585F-4B0A-A86D-7DC1E04F976E}
	EndGlobalSection
EndGlobal
